{
  "name": "bookia-ui",
  "version": "1.0.0",
  "lockfileVersion": 1,
  "requires": true,
  "dependencies": {
    "axios": {
      "version": "0.21.1",
      "resolved": "https://registry.npmjs.org/axios/-/axios-0.21.1.tgz",
      "integrity": "sha512-dKQiRHxGD9PPRIUNIWvZhPTPpl1rf/OxTYKsqKUDjBwYylTvV7SjSHJb9ratfyzM6wCdLCOYLzs73qpg5c4iGA==",
      "requires": {
        "follow-redirects": "^1.10.0"
      }
    },
    "follow-redirects": {
      "version": "1.13.1",
      "resolved": "https://registry.npmjs.org/follow-redirects/-/follow-redirects-1.13.1.tgz",
      "integrity": "sha512-SSG5xmZh1mkPGyKzjZP8zLjltIfpW32Y5QpdNJyjcfGxK3qo3NDDkZOZSFiGn1A6SclQxY9GzEwAHQ3dmYRWpg=="
    },
    "heyui": {
      "version": "1.21.2",
      "resolved": "https://registry.npmjs.org/heyui/-/heyui-1.21.2.tgz",
      "integrity": "sha512-IGISeEGxFlx1JHUF9qXWYApENQC3KDOcZ0NOzhJ7F6Pb2PY3B/0UyOyXf8AWPtMsHsFCr87QYIW/uzCzeRP9pA==",
      "requires": {
        "manba": "1.3.1",
        "vue": "2.6.10"
      },
      "dependencies": {
        "vue": {
          "version": "2.6.10",
          "resolved": "https://registry.npmjs.org/vue/-/vue-2.6.10.tgz",
          "integrity": "sha512-ImThpeNU9HbdZL3utgMCq0oiMzAkt1mcgy3/E6zWC/G6AaQoeuFdsl9nDhTDU3X1R6FK7nsIUuRACVcjI+A2GQ=="
        }
      }
    },
    "manba": {
      "version": "1.3.1",
      "resolved": "https://registry.npmjs.org/manba/-/manba-1.3.1.tgz",
      "integrity": "sha512-Z9j/TWR2y/S3++EL0P7hTJNPS7QKzYzjUOfJeHOCv5ikliHCZm2v5ZxTibc7q+uhPGCgN0J9wd+3GNHBWI/Mtw=="
    },
    "moment": {
      "version": "2.24.0",
      "resolved": "https://registry.npmjs.org/moment/-/moment-2.24.0.tgz",
      "integrity": "sha512-bV7f+6l2QigeBBZSM/6yTNq4P2fNpSWj/0e7jQcy87A8e7o2nAfP/34/2ky5Vw4B9S446EtIhodAzkFCcR4dQg=="
    },
    "vue": {
      "version": "2.5.13",
      "resolved": "https://registry.npmjs.org/vue/-/vue-2.5.13.tgz",
      "integrity": "sha512-3D+lY7HTkKbtswDM4BBHgqyq+qo8IAEE8lz8va1dz3LLmttjgo0FxairO4r1iN2OBqk8o1FyL4hvzzTFEdQSEw=="
    },
    "vue-router": {
      "version": "3.0.6",
      "resolved": "https://registry.npmjs.org/vue-router/-/vue-router-3.0.6.tgz",
      "integrity": "sha512-Ox0ciFLswtSGRTHYhGvx2L44sVbTPNS+uD2kRISuo8B39Y79rOo0Kw0hzupTmiVtftQYCZl87mwldhh2L9Aquw=="
    },
    "vuex": {
      "version": "3.1.1",
      "resolved": "https://registry.npmjs.org/vuex/-/vuex-3.1.1.tgz",
      "integrity": "sha512-ER5moSbLZuNSMBFnEBVGhQ1uCBNJslH9W/Dw2W7GZN23UQA69uapP5GTT9Vm8Trc0PzBSVt6LzF3hGjmv41xcg=="
    }
  }
}
